
Microsoft Visual Studio Solution File, Format Version 12.00
# Visual Studio Version 16
VisualStudioVersion = 16.0.30309.148
MinimumVisualStudioVersion = 10.0.40219.1
Project("{9A19103F-16F7-4668-BE54-9A1E7A4F7556}") = "Basics", "Basics\Basics.csproj", "{A4675236-542B-4801-B680-71D26C13646D}"
EndProject
Project("{9A19103F-16F7-4668-BE54-9A1E7A4F7556}") = "IdentityExample", "IdentityExample\IdentityExample.csproj", "{C2B48308-B64F-4914-9D0C-CF12E649DC56}"
EndProject
Project("{2150E333-8FDC-42A3-9474-1A3956D46DE8}") = "basic", "basic", "{FAFE4581-AAD5-4D3E-8D1D-8952A975F4DA}"
EndProject
Project("{2150E333-8FDC-42A3-9474-1A3956D46DE8}") = "oauth", "oauth", "{A244BFE7-5668-4756-A8FF-A23912B7B7B2}"
EndProject
Project("{9A19103F-16F7-4668-BE54-9A1E7A4F7556}") = "Server", "Server\Server.csproj", "{2A2FF0AA-952A-4F1C-8B23-E65B863CF9AA}"
EndProject
Project("{9A19103F-16F7-4668-BE54-9A1E7A4F7556}") = "Client", "Client\Client.csproj", "{3C399903-633A-423B-8DA9-08B75723BFF6}"
EndProject
Project("{9A19103F-16F7-4668-BE54-9A1E7A4F7556}") = "Api", "Api\Api.csproj", "{810DB317-E24D-4109-BBB7-E3E5B18A91DC}"
EndProject
Project("{2150E333-8FDC-42A3-9474-1A3956D46DE8}") = "Identityserver4", "Identityserver4", "{A99F61D1-86F8-4B7A-A73A-67891AED0B71}"
EndProject
Project("{9A19103F-16F7-4668-BE54-9A1E7A4F7556}") = "IdentityServer", "IdentityServer\IdentityServer.csproj", "{B8F2E75E-DA0B-4278-B96F-D6F7764BBD36}"
EndProject
Project("{9A19103F-16F7-4668-BE54-9A1E7A4F7556}") = "ApiOne", "ApiOne\ApiOne.csproj", "{B3B8AC1B-FEE5-41FB-80ED-F565606C0F25}"
EndProject
Project("{9A19103F-16F7-4668-BE54-9A1E7A4F7556}") = "ApiTwo", "ApiTwo\ApiTwo.csproj", "{8401EC5F-81DE-45C3-8C8D-05AAAADD81B6}"
EndProject
Project("{9A19103F-16F7-4668-BE54-9A1E7A4F7556}") = "MvcClient", "MvcClient\MvcClient.csproj", "{46618A89-2308-4B2C-8391-C905F1544856}"
EndProject
Project("{FAE04EC0-301F-11D3-BF4B-00C04F79EFBC}") = "JWTAuthentication_TokenBearer", "JWTAuthentication_TokenBearer\JWTAuthentication_TokenBearer.csproj", "{BECF1A8A-6DC2-4B7E-8CB7-3FFE92F1E74F}"
EndProject
Project("{2150E333-8FDC-42A3-9474-1A3956D46DE8}") = "API", "API", "{E40825AD-4300-4C21-B8E6-44251EA25FEF}"
EndProject
Global
	GlobalSection(SolutionConfigurationPlatforms) = preSolution
		Debug|Any CPU = Debug|Any CPU
		Release|Any CPU = Release|Any CPU
	EndGlobalSection
	GlobalSection(ProjectConfigurationPlatforms) = postSolution
		{A4675236-542B-4801-B680-71D26C13646D}.Debug|Any CPU.ActiveCfg = Debug|Any CPU
		{A4675236-542B-4801-B680-71D26C13646D}.Debug|Any CPU.Build.0 = Debug|Any CPU
		{A4675236-542B-4801-B680-71D26C13646D}.Release|Any CPU.ActiveCfg = Release|Any CPU
		{A4675236-542B-4801-B680-71D26C13646D}.Release|Any CPU.Build.0 = Release|Any CPU
		{C2B48308-B64F-4914-9D0C-CF12E649DC56}.Debug|Any CPU.ActiveCfg = Debug|Any CPU
		{C2B48308-B64F-4914-9D0C-CF12E649DC56}.Debug|Any CPU.Build.0 = Debug|Any CPU
		{C2B48308-B64F-4914-9D0C-CF12E649DC56}.Release|Any CPU.ActiveCfg = Release|Any CPU
		{C2B48308-B64F-4914-9D0C-CF12E649DC56}.Release|Any CPU.Build.0 = Release|Any CPU
		{2A2FF0AA-952A-4F1C-8B23-E65B863CF9AA}.Debug|Any CPU.ActiveCfg = Debug|Any CPU
		{2A2FF0AA-952A-4F1C-8B23-E65B863CF9AA}.Debug|Any CPU.Build.0 = Debug|Any CPU
		{2A2FF0AA-952A-4F1C-8B23-E65B863CF9AA}.Release|Any CPU.ActiveCfg = Release|Any CPU
		{2A2FF0AA-952A-4F1C-8B23-E65B863CF9AA}.Release|Any CPU.Build.0 = Release|Any CPU
		{3C399903-633A-423B-8DA9-08B75723BFF6}.Debug|Any CPU.ActiveCfg = Debug|Any CPU
		{3C399903-633A-423B-8DA9-08B75723BFF6}.Debug|Any CPU.Build.0 = Debug|Any CPU
		{3C399903-633A-423B-8DA9-08B75723BFF6}.Release|Any CPU.ActiveCfg = Release|Any CPU
		{3C399903-633A-423B-8DA9-08B75723BFF6}.Release|Any CPU.Build.0 = Release|Any CPU
		{810DB317-E24D-4109-BBB7-E3E5B18A91DC}.Debug|Any CPU.ActiveCfg = Debug|Any CPU
		{810DB317-E24D-4109-BBB7-E3E5B18A91DC}.Debug|Any CPU.Build.0 = Debug|Any CPU
		{810DB317-E24D-4109-BBB7-E3E5B18A91DC}.Release|Any CPU.ActiveCfg = Release|Any CPU
		{810DB317-E24D-4109-BBB7-E3E5B18A91DC}.Release|Any CPU.Build.0 = Release|Any CPU
		{B8F2E75E-DA0B-4278-B96F-D6F7764BBD36}.Debug|Any CPU.ActiveCfg = Debug|Any CPU
		{B8F2E75E-DA0B-4278-B96F-D6F7764BBD36}.Debug|Any CPU.Build.0 = Debug|Any CPU
		{B8F2E75E-DA0B-4278-B96F-D6F7764BBD36}.Release|Any CPU.ActiveCfg = Release|Any CPU
		{B8F2E75E-DA0B-4278-B96F-D6F7764BBD36}.Release|Any CPU.Build.0 = Release|Any CPU
		{B3B8AC1B-FEE5-41FB-80ED-F565606C0F25}.Debug|Any CPU.ActiveCfg = Debug|Any CPU
		{B3B8AC1B-FEE5-41FB-80ED-F565606C0F25}.Debug|Any CPU.Build.0 = Debug|Any CPU
		{B3B8AC1B-FEE5-41FB-80ED-F565606C0F25}.Release|Any CPU.ActiveCfg = Release|Any CPU
		{B3B8AC1B-FEE5-41FB-80ED-F565606C0F25}.Release|Any CPU.Build.0 = Release|Any CPU
		{8401EC5F-81DE-45C3-8C8D-05AAAADD81B6}.Debug|Any CPU.ActiveCfg = Debug|Any CPU
		{8401EC5F-81DE-45C3-8C8D-05AAAADD81B6}.Debug|Any CPU.Build.0 = Debug|Any CPU
		{8401EC5F-81DE-45C3-8C8D-05AAAADD81B6}.Release|Any CPU.ActiveCfg = Release|Any CPU
		{8401EC5F-81DE-45C3-8C8D-05AAAADD81B6}.Release|Any CPU.Build.0 = Release|Any CPU
		{46618A89-2308-4B2C-8391-C905F1544856}.Debug|Any CPU.ActiveCfg = Debug|Any CPU
		{46618A89-2308-4B2C-8391-C905F1544856}.Debug|Any CPU.Build.0 = Debug|Any CPU
		{46618A89-2308-4B2C-8391-C905F1544856}.Release|Any CPU.ActiveCfg = Release|Any CPU
		{46618A89-2308-4B2C-8391-C905F1544856}.Release|Any CPU.Build.0 = Release|Any CPU
		{BECF1A8A-6DC2-4B7E-8CB7-3FFE92F1E74F}.Debug|Any CPU.ActiveCfg = Debug|Any CPU
		{BECF1A8A-6DC2-4B7E-8CB7-3FFE92F1E74F}.Debug|Any CPU.Build.0 = Debug|Any CPU
		{BECF1A8A-6DC2-4B7E-8CB7-3FFE92F1E74F}.Release|Any CPU.ActiveCfg = Release|Any CPU
		{BECF1A8A-6DC2-4B7E-8CB7-3FFE92F1E74F}.Release|Any CPU.Build.0 = Release|Any CPU
	EndGlobalSection
	GlobalSection(SolutionProperties) = preSolution
		HideSolutionNode = FALSE
	EndGlobalSection
	GlobalSection(NestedProjects) = preSolution
		{A4675236-542B-4801-B680-71D26C13646D} = {FAFE4581-AAD5-4D3E-8D1D-8952A975F4DA}
		{C2B48308-B64F-4914-9D0C-CF12E649DC56} = {FAFE4581-AAD5-4D3E-8D1D-8952A975F4DA}
		{2A2FF0AA-952A-4F1C-8B23-E65B863CF9AA} = {A244BFE7-5668-4756-A8FF-A23912B7B7B2}
		{3C399903-633A-423B-8DA9-08B75723BFF6} = {A244BFE7-5668-4756-A8FF-A23912B7B7B2}
		{810DB317-E24D-4109-BBB7-E3E5B18A91DC} = {A244BFE7-5668-4756-A8FF-A23912B7B7B2}
		{B8F2E75E-DA0B-4278-B96F-D6F7764BBD36} = {A99F61D1-86F8-4B7A-A73A-67891AED0B71}
		{B3B8AC1B-FEE5-41FB-80ED-F565606C0F25} = {A99F61D1-86F8-4B7A-A73A-67891AED0B71}
		{8401EC5F-81DE-45C3-8C8D-05AAAADD81B6} = {A99F61D1-86F8-4B7A-A73A-67891AED0B71}
		{46618A89-2308-4B2C-8391-C905F1544856} = {A99F61D1-86F8-4B7A-A73A-67891AED0B71}
		{BECF1A8A-6DC2-4B7E-8CB7-3FFE92F1E74F} = {E40825AD-4300-4C21-B8E6-44251EA25FEF}
	EndGlobalSection
	GlobalSection(ExtensibilityGlobals) = postSolution
		SolutionGuid = {C721F74A-EABD-4351-924B-15A1B78B1228}
	EndGlobalSection
EndGlobal
